
Microsoft Visual Studio Solution File, Format Version 12.00
# Visual Studio 15
VisualStudioVersion = 15.0.27130.2010
MinimumVisualStudioVersion = 10.0.40219.1
Project("{FAE04EC0-301F-11D3-BF4B-00C04F79EFBC}") = "FindTheEquation", "FindTheEquation\FindTheEquation.csproj", "{A34EDD7D-B4BA-4A74-8F9B-8BB24A24930A}"
EndProject
Global
	GlobalSection(SolutionConfigurationPlatforms) = preSolution
		Debug|Any CPU = Debug|Any CPU
		Release|Any CPU = Release|Any CPU
	EndGlobalSection
	GlobalSection(ProjectConfigurationPlatforms) = postSolution
		{A34EDD7D-B4BA-4A74-8F9B-8BB24A24930A}.Debug|Any CPU.ActiveCfg = Debug|Any CPU
		{A34EDD7D-B4BA-4A74-8F9B-8BB24A24930A}.Debug|Any CPU.Build.0 = Debug|Any CPU
		{A34EDD7D-B4BA-4A74-8F9B-8BB24A24930A}.Release|Any CPU.ActiveCfg = Release|Any CPU
		{A34EDD7D-B4BA-4A74-8F9B-8BB24A24930A}.Release|Any CPU.Build.0 = Release|Any CPU
	EndGlobalSection
	GlobalSection(SolutionProperties) = preSolution
		HideSolutionNode = FALSE
	EndGlobalSection
	GlobalSection(ExtensibilityGlobals) = postSolution
		SolutionGuid = {14C27EC9-226D-4CDE-847A-F85773FDFE78}
	EndGlobalSection
EndGlobal
